
Microsoft Visual Studio Solution File, Format Version 12.00
# Visual Studio Version 16
VisualStudioVersion = 16.0.29424.173
MinimumVisualStudioVersion = 10.0.40219.1
Project("{8BC9CEB8-8B4A-11D0-8D11-00A0C91BC942}") = "FPGA-readMSEL", "FPGA-readMSEL\FPGA-readMSEL.vcxproj", "{31CEB166-1B41-463B-BF96-DF2232AD4214}"
EndProject
Project("{8BC9CEB8-8B4A-11D0-8D11-00A0C91BC942}") = "FPGA-resetFabric", "FPGA-resetFabric\FPGA-resetFabric.vcxproj", "{BD97270B-D692-4D27-BBF2-2A0861BE8532}"
EndProject
Project("{8BC9CEB8-8B4A-11D0-8D11-00A0C91BC942}") = "FPGA-status", "FPGA-status\FPGA-status.vcxproj", "{231F74D8-9B0F-4B04-AD20-0509953AD09B}"
EndProject
Project("{8BC9CEB8-8B4A-11D0-8D11-00A0C91BC942}") = "FPGA-writeConfig", "FPGA-writeConfig\FPGA-writeConfig.vcxproj", "{E04038FD-54D6-451D-AA3A-442387B10D1F}"
EndProject
Project("{8BC9CEB8-8B4A-11D0-8D11-00A0C91BC942}") = "FPGA-gpiRead", "FPGA-gpiRead\FPGA-gpiRead.vcxproj", "{5B63EFDA-C86B-4DF9-AB2B-B34B5FDEB4EE}"
EndProject
Project("{8BC9CEB8-8B4A-11D0-8D11-00A0C91BC942}") = "FPGA-gpoWrite", "FPGA-gpoWrite\FPGA-gpoWrite.vcxproj", "{8647C375-FE89-482F-B13A-1C69176FBE05}"
EndProject
Project("{8BC9CEB8-8B4A-11D0-8D11-00A0C91BC942}") = "FPGA-writeBridge", "FPGA-writeBridge\FPGA-writeBridge.vcxproj", "{F885ECE6-D0EC-43A4-AC3E-E645E1C8DD8E}"
EndProject
Project("{8BC9CEB8-8B4A-11D0-8D11-00A0C91BC942}") = "FPGA-readBrdige", "FPGA-readBridge\FPGA-readBrdige.vcxproj", "{FEB0D24B-DFDE-4E2B-AEA1-36D11447BE0A}"
EndProject
Project("{2150E333-8FDC-42A3-9474-1A3956D46DE8}") = "Solution Items", "Solution Items", "{AD36CA32-FCF1-43D8-9F3C-01CE5A14CDE4}"
	ProjectSection(SolutionItems) = preProject
		.gitattributes = .gitattributes
		.gitignore = .gitignore
		CMakeLists.txt = CMakeLists.txt
		LICENSE = LICENSE
		README.md = README.md
	EndProjectSection
EndProject
Global
	GlobalSection(SolutionConfigurationPlatforms) = preSolution
		Debug|ARM = Debug|ARM
		Debug|ARM64 = Debug|ARM64
		Debug|x64 = Debug|x64
		Debug|x86 = Debug|x86
		Release|ARM = Release|ARM
		Release|ARM64 = Release|ARM64
		Release|x64 = Release|x64
		Release|x86 = Release|x86
	EndGlobalSection
	GlobalSection(ProjectConfigurationPlatforms) = postSolution
		{31CEB166-1B41-463B-BF96-DF2232AD4214}.Debug|ARM.ActiveCfg = Debug|ARM
		{31CEB166-1B41-463B-BF96-DF2232AD4214}.Debug|ARM.Build.0 = Debug|ARM
		{31CEB166-1B41-463B-BF96-DF2232AD4214}.Debug|ARM.Deploy.0 = Debug|ARM
		{31CEB166-1B41-463B-BF96-DF2232AD4214}.Debug|ARM64.ActiveCfg = Debug|ARM64
		{31CEB166-1B41-463B-BF96-DF2232AD4214}.Debug|ARM64.Build.0 = Debug|ARM64
		{31CEB166-1B41-463B-BF96-DF2232AD4214}.Debug|ARM64.Deploy.0 = Debug|ARM64
		{31CEB166-1B41-463B-BF96-DF2232AD4214}.Debug|x64.ActiveCfg = Debug|x64
		{31CEB166-1B41-463B-BF96-DF2232AD4214}.Debug|x64.Build.0 = Debug|x64
		{31CEB166-1B41-463B-BF96-DF2232AD4214}.Debug|x64.Deploy.0 = Debug|x64
		{31CEB166-1B41-463B-BF96-DF2232AD4214}.Debug|x86.ActiveCfg = Debug|x86
		{31CEB166-1B41-463B-BF96-DF2232AD4214}.Debug|x86.Build.0 = Debug|x86
		{31CEB166-1B41-463B-BF96-DF2232AD4214}.Debug|x86.Deploy.0 = Debug|x86
		{31CEB166-1B41-463B-BF96-DF2232AD4214}.Release|ARM.ActiveCfg = Release|ARM
		{31CEB166-1B41-463B-BF96-DF2232AD4214}.Release|ARM.Build.0 = Release|ARM
		{31CEB166-1B41-463B-BF96-DF2232AD4214}.Release|ARM.Deploy.0 = Release|ARM
		{31CEB166-1B41-463B-BF96-DF2232AD4214}.Release|ARM64.ActiveCfg = Release|ARM64
		{31CEB166-1B41-463B-BF96-DF2232AD4214}.Release|ARM64.Build.0 = Release|ARM64
		{31CEB166-1B41-463B-BF96-DF2232AD4214}.Release|ARM64.Deploy.0 = Release|ARM64
		{31CEB166-1B41-463B-BF96-DF2232AD4214}.Release|x64.ActiveCfg = Release|x64
		{31CEB166-1B41-463B-BF96-DF2232AD4214}.Release|x64.Build.0 = Release|x64
		{31CEB166-1B41-463B-BF96-DF2232AD4214}.Release|x64.Deploy.0 = Release|x64
		{31CEB166-1B41-463B-BF96-DF2232AD4214}.Release|x86.ActiveCfg = Release|x86
		{31CEB166-1B41-463B-BF96-DF2232AD4214}.Release|x86.Build.0 = Release|x86
		{31CEB166-1B41-463B-BF96-DF2232AD4214}.Release|x86.Deploy.0 = Release|x86
		{BD97270B-D692-4D27-BBF2-2A0861BE8532}.Debug|ARM.ActiveCfg = Debug|ARM
		{BD97270B-D692-4D27-BBF2-2A0861BE8532}.Debug|ARM.Build.0 = Debug|ARM
		{BD97270B-D692-4D27-BBF2-2A0861BE8532}.Debug|ARM.Deploy.0 = Debug|ARM
		{BD97270B-D692-4D27-BBF2-2A0861BE8532}.Debug|ARM64.ActiveCfg = Debug|ARM64
		{BD97270B-D692-4D27-BBF2-2A0861BE8532}.Debug|ARM64.Build.0 = Debug|ARM64
		{BD97270B-D692-4D27-BBF2-2A0861BE8532}.Debug|ARM64.Deploy.0 = Debug|ARM64
		{BD97270B-D692-4D27-BBF2-2A0861BE8532}.Debug|x64.ActiveCfg = Debug|x64
		{BD97270B-D692-4D27-BBF2-2A0861BE8532}.Debug|x64.Build.0 = Debug|x64
		{BD97270B-D692-4D27-BBF2-2A0861BE8532}.Debug|x64.Deploy.0 = Debug|x64
		{BD97270B-D692-4D27-BBF2-2A0861BE8532}.Debug|x86.ActiveCfg = Debug|x86
		{BD97270B-D692-4D27-BBF2-2A0861BE8532}.Debug|x86.Build.0 = Debug|x86
		{BD97270B-D692-4D27-BBF2-2A0861BE8532}.Debug|x86.Deploy.0 = Debug|x86
		{BD97270B-D692-4D27-BBF2-2A0861BE8532}.Release|ARM.ActiveCfg = Release|ARM
		{BD97270B-D692-4D27-BBF2-2A0861BE8532}.Release|ARM.Build.0 = Release|ARM
		{BD97270B-D692-4D27-BBF2-2A0861BE8532}.Release|ARM.Deploy.0 = Release|ARM
		{BD97270B-D692-4D27-BBF2-2A0861BE8532}.Release|ARM64.ActiveCfg = Release|ARM64
		{BD97270B-D692-4D27-BBF2-2A0861BE8532}.Release|ARM64.Build.0 = Release|ARM64
		{BD97270B-D692-4D27-BBF2-2A0861BE8532}.Release|ARM64.Deploy.0 = Release|ARM64
		{BD97270B-D692-4D27-BBF2-2A0861BE8532}.Release|x64.ActiveCfg = Release|x64
		{BD97270B-D692-4D27-BBF2-2A0861BE8532}.Release|x64.Build.0 = Release|x64
		{BD97270B-D692-4D27-BBF2-2A0861BE8532}.Release|x64.Deploy.0 = Release|x64
		{BD97270B-D692-4D27-BBF2-2A0861BE8532}.Release|x86.ActiveCfg = Release|x86
		{BD97270B-D692-4D27-BBF2-2A0861BE8532}.Release|x86.Build.0 = Release|x86
		{BD97270B-D692-4D27-BBF2-2A0861BE8532}.Release|x86.Deploy.0 = Release|x86
		{231F74D8-9B0F-4B04-AD20-0509953AD09B}.Debug|ARM.ActiveCfg = Debug|ARM
		{231F74D8-9B0F-4B04-AD20-0509953AD09B}.Debug|ARM.Build.0 = Debug|ARM
		{231F74D8-9B0F-4B04-AD20-0509953AD09B}.Debug|ARM.Deploy.0 = Debug|ARM
		{231F74D8-9B0F-4B04-AD20-0509953AD09B}.Debug|ARM64.ActiveCfg = Debug|ARM64
		{231F74D8-9B0F-4B04-AD20-0509953AD09B}.Debug|ARM64.Build.0 = Debug|ARM64
		{231F74D8-9B0F-4B04-AD20-0509953AD09B}.Debug|ARM64.Deploy.0 = Debug|ARM64
		{231F74D8-9B0F-4B04-AD20-0509953AD09B}.Debug|x64.ActiveCfg = Debug|x64
		{231F74D8-9B0F-4B04-AD20-0509953AD09B}.Debug|x64.Build.0 = Debug|x64
		{231F74D8-9B0F-4B04-AD20-0509953AD09B}.Debug|x64.Deploy.0 = Debug|x64
		{231F74D8-9B0F-4B04-AD20-0509953AD09B}.Debug|x86.ActiveCfg = Debug|x86
		{231F74D8-9B0F-4B04-AD20-0509953AD09B}.Debug|x86.Build.0 = Debug|x86
		{231F74D8-9B0F-4B04-AD20-0509953AD09B}.Debug|x86.Deploy.0 = Debug|x86
		{231F74D8-9B0F-4B04-AD20-0509953AD09B}.Release|ARM.ActiveCfg = Release|ARM
		{231F74D8-9B0F-4B04-AD20-0509953AD09B}.Release|ARM.Build.0 = Release|ARM
		{231F74D8-9B0F-4B04-AD20-0509953AD09B}.Release|ARM.Deploy.0 = Release|ARM
		{231F74D8-9B0F-4B04-AD20-0509953AD09B}.Release|ARM64.ActiveCfg = Release|ARM64
		{231F74D8-9B0F-4B04-AD20-0509953AD09B}.Release|ARM64.Build.0 = Release|ARM64
		{231F74D8-9B0F-4B04-AD20-0509953AD09B}.Release|ARM64.Deploy.0 = Release|ARM64
		{231F74D8-9B0F-4B04-AD20-0509953AD09B}.Release|x64.ActiveCfg = Release|x64
		{231F74D8-9B0F-4B04-AD20-0509953AD09B}.Release|x64.Build.0 = Release|x64
		{231F74D8-9B0F-4B04-AD20-0509953AD09B}.Release|x64.Deploy.0 = Release|x64
		{231F74D8-9B0F-4B04-AD20-0509953AD09B}.Release|x86.ActiveCfg = Release|x86
		{231F74D8-9B0F-4B04-AD20-0509953AD09B}.Release|x86.Build.0 = Release|x86
		{231F74D8-9B0F-4B04-AD20-0509953AD09B}.Release|x86.Deploy.0 = Release|x86
		{E04038FD-54D6-451D-AA3A-442387B10D1F}.Debug|ARM.ActiveCfg = Debug|ARM
		{E04038FD-54D6-451D-AA3A-442387B10D1F}.Debug|ARM.Build.0 = Debug|ARM
		{E04038FD-54D6-451D-AA3A-442387B10D1F}.Debug|ARM.Deploy.0 = Debug|ARM
		{E04038FD-54D6-451D-AA3A-442387B10D1F}.Debug|ARM64.ActiveCfg = Debug|ARM64
		{E04038FD-54D6-451D-AA3A-442387B10D1F}.Debug|ARM64.Build.0 = Debug|ARM64
		{E04038FD-54D6-451D-AA3A-442387B10D1F}.Debug|ARM64.Deploy.0 = Debug|ARM64
		{E04038FD-54D6-451D-AA3A-442387B10D1F}.Debug|x64.ActiveCfg = Debug|x64
		{E04038FD-54D6-451D-AA3A-442387B10D1F}.Debug|x64.Build.0 = Debug|x64
		{E04038FD-54D6-451D-AA3A-442387B10D1F}.Debug|x64.Deploy.0 = Debug|x64
		{E04038FD-54D6-451D-AA3A-442387B10D1F}.Debug|x86.ActiveCfg = Debug|x86
		{E04038FD-54D6-451D-AA3A-442387B10D1F}.Debug|x86.Build.0 = Debug|x86
		{E04038FD-54D6-451D-AA3A-442387B10D1F}.Debug|x86.Deploy.0 = Debug|x86
		{E04038FD-54D6-451D-AA3A-442387B10D1F}.Release|ARM.ActiveCfg = Release|ARM
		{E04038FD-54D6-451D-AA3A-442387B10D1F}.Release|ARM.Build.0 = Release|ARM
		{E04038FD-54D6-451D-AA3A-442387B10D1F}.Release|ARM.Deploy.0 = Release|ARM
		{E04038FD-54D6-451D-AA3A-442387B10D1F}.Release|ARM64.ActiveCfg = Release|ARM64
		{E04038FD-54D6-451D-AA3A-442387B10D1F}.Release|ARM64.Build.0 = Release|ARM64
		{E04038FD-54D6-451D-AA3A-442387B10D1F}.Release|ARM64.Deploy.0 = Release|ARM64
		{E04038FD-54D6-451D-AA3A-442387B10D1F}.Release|x64.ActiveCfg = Release|x64
		{E04038FD-54D6-451D-AA3A-442387B10D1F}.Release|x64.Build.0 = Release|x64
		{E04038FD-54D6-451D-AA3A-442387B10D1F}.Release|x64.Deploy.0 = Release|x64
		{E04038FD-54D6-451D-AA3A-442387B10D1F}.Release|x86.ActiveCfg = Release|x86
		{E04038FD-54D6-451D-AA3A-442387B10D1F}.Release|x86.Build.0 = Release|x86
		{E04038FD-54D6-451D-AA3A-442387B10D1F}.Release|x86.Deploy.0 = Release|x86
		{5B63EFDA-C86B-4DF9-AB2B-B34B5FDEB4EE}.Debug|ARM.ActiveCfg = Debug|ARM
		{5B63EFDA-C86B-4DF9-AB2B-B34B5FDEB4EE}.Debug|ARM.Build.0 = Debug|ARM
		{5B63EFDA-C86B-4DF9-AB2B-B34B5FDEB4EE}.Debug|ARM.Deploy.0 = Debug|ARM
		{5B63EFDA-C86B-4DF9-AB2B-B34B5FDEB4EE}.Debug|ARM64.ActiveCfg = Debug|ARM64
		{5B63EFDA-C86B-4DF9-AB2B-B34B5FDEB4EE}.Debug|ARM64.Build.0 = Debug|ARM64
		{5B63EFDA-C86B-4DF9-AB2B-B34B5FDEB4EE}.Debug|ARM64.Deploy.0 = Debug|ARM64
		{5B63EFDA-C86B-4DF9-AB2B-B34B5FDEB4EE}.Debug|x64.ActiveCfg = Debug|x64
		{5B63EFDA-C86B-4DF9-AB2B-B34B5FDEB4EE}.Debug|x64.Build.0 = Debug|x64
		{5B63EFDA-C86B-4DF9-AB2B-B34B5FDEB4EE}.Debug|x64.Deploy.0 = Debug|x64
		{5B63EFDA-C86B-4DF9-AB2B-B34B5FDEB4EE}.Debug|x86.ActiveCfg = Debug|x86
		{5B63EFDA-C86B-4DF9-AB2B-B34B5FDEB4EE}.Debug|x86.Build.0 = Debug|x86
		{5B63EFDA-C86B-4DF9-AB2B-B34B5FDEB4EE}.Debug|x86.Deploy.0 = Debug|x86
		{5B63EFDA-C86B-4DF9-AB2B-B34B5FDEB4EE}.Release|ARM.ActiveCfg = Release|ARM
		{5B63EFDA-C86B-4DF9-AB2B-B34B5FDEB4EE}.Release|ARM.Build.0 = Release|ARM
		{5B63EFDA-C86B-4DF9-AB2B-B34B5FDEB4EE}.Release|ARM.Deploy.0 = Release|ARM
		{5B63EFDA-C86B-4DF9-AB2B-B34B5FDEB4EE}.Release|ARM64.ActiveCfg = Release|ARM64
		{5B63EFDA-C86B-4DF9-AB2B-B34B5FDEB4EE}.Release|ARM64.Build.0 = Release|ARM64
		{5B63EFDA-C86B-4DF9-AB2B-B34B5FDEB4EE}.Release|ARM64.Deploy.0 = Release|ARM64
		{5B63EFDA-C86B-4DF9-AB2B-B34B5FDEB4EE}.Release|x64.ActiveCfg = Release|x64
		{5B63EFDA-C86B-4DF9-AB2B-B34B5FDEB4EE}.Release|x64.Build.0 = Release|x64
		{5B63EFDA-C86B-4DF9-AB2B-B34B5FDEB4EE}.Release|x64.Deploy.0 = Release|x64
		{5B63EFDA-C86B-4DF9-AB2B-B34B5FDEB4EE}.Release|x86.ActiveCfg = Release|x86
		{5B63EFDA-C86B-4DF9-AB2B-B34B5FDEB4EE}.Release|x86.Build.0 = Release|x86
		{5B63EFDA-C86B-4DF9-AB2B-B34B5FDEB4EE}.Release|x86.Deploy.0 = Release|x86
		{8647C375-FE89-482F-B13A-1C69176FBE05}.Debug|ARM.ActiveCfg = Debug|ARM
		{8647C375-FE89-482F-B13A-1C69176FBE05}.Debug|ARM.Build.0 = Debug|ARM
		{8647C375-FE89-482F-B13A-1C69176FBE05}.Debug|ARM.Deploy.0 = Debug|ARM
		{8647C375-FE89-482F-B13A-1C69176FBE05}.Debug|ARM64.ActiveCfg = Debug|ARM64
		{8647C375-FE89-482F-B13A-1C69176FBE05}.Debug|ARM64.Build.0 = Debug|ARM64
		{8647C375-FE89-482F-B13A-1C69176FBE05}.Debug|ARM64.Deploy.0 = Debug|ARM64
		{8647C375-FE89-482F-B13A-1C69176FBE05}.Debug|x64.ActiveCfg = Debug|x64
		{8647C375-FE89-482F-B13A-1C69176FBE05}.Debug|x64.Build.0 = Debug|x64
		{8647C375-FE89-482F-B13A-1C69176FBE05}.Debug|x64.Deploy.0 = Debug|x64
		{8647C375-FE89-482F-B13A-1C69176FBE05}.Debug|x86.ActiveCfg = Debug|x86
		{8647C375-FE89-482F-B13A-1C69176FBE05}.Debug|x86.Build.0 = Debug|x86
		{8647C375-FE89-482F-B13A-1C69176FBE05}.Debug|x86.Deploy.0 = Debug|x86
		{8647C375-FE89-482F-B13A-1C69176FBE05}.Release|ARM.ActiveCfg = Release|ARM
		{8647C375-FE89-482F-B13A-1C69176FBE05}.Release|ARM.Build.0 = Release|ARM
		{8647C375-FE89-482F-B13A-1C69176FBE05}.Release|ARM.Deploy.0 = Release|ARM
		{8647C375-FE89-482F-B13A-1C69176FBE05}.Release|ARM64.ActiveCfg = Release|ARM64
		{8647C375-FE89-482F-B13A-1C69176FBE05}.Release|ARM64.Build.0 = Release|ARM64
		{8647C375-FE89-482F-B13A-1C69176FBE05}.Release|ARM64.Deploy.0 = Release|ARM64
		{8647C375-FE89-482F-B13A-1C69176FBE05}.Release|x64.ActiveCfg = Release|x64
		{8647C375-FE89-482F-B13A-1C69176FBE05}.Release|x64.Build.0 = Release|x64
		{8647C375-FE89-482F-B13A-1C69176FBE05}.Release|x64.Deploy.0 = Release|x64
		{8647C375-FE89-482F-B13A-1C69176FBE05}.Release|x86.ActiveCfg = Release|x86
		{8647C375-FE89-482F-B13A-1C69176FBE05}.Release|x86.Build.0 = Release|x86
		{8647C375-FE89-482F-B13A-1C69176FBE05}.Release|x86.Deploy.0 = Release|x86
		{F885ECE6-D0EC-43A4-AC3E-E645E1C8DD8E}.Debug|ARM.ActiveCfg = Debug|ARM
		{F885ECE6-D0EC-43A4-AC3E-E645E1C8DD8E}.Debug|ARM.Build.0 = Debug|ARM
		{F885ECE6-D0EC-43A4-AC3E-E645E1C8DD8E}.Debug|ARM.Deploy.0 = Debug|ARM
		{F885ECE6-D0EC-43A4-AC3E-E645E1C8DD8E}.Debug|ARM64.ActiveCfg = Debug|ARM64
		{F885ECE6-D0EC-43A4-AC3E-E645E1C8DD8E}.Debug|ARM64.Build.0 = Debug|ARM64
		{F885ECE6-D0EC-43A4-AC3E-E645E1C8DD8E}.Debug|ARM64.Deploy.0 = Debug|ARM64
		{F885ECE6-D0EC-43A4-AC3E-E645E1C8DD8E}.Debug|x64.ActiveCfg = Debug|x64
		{F885ECE6-D0EC-43A4-AC3E-E645E1C8DD8E}.Debug|x64.Build.0 = Debug|x64
		{F885ECE6-D0EC-43A4-AC3E-E645E1C8DD8E}.Debug|x64.Deploy.0 = Debug|x64
		{F885ECE6-D0EC-43A4-AC3E-E645E1C8DD8E}.Debug|x86.ActiveCfg = Debug|x86
		{F885ECE6-D0EC-43A4-AC3E-E645E1C8DD8E}.Debug|x86.Build.0 = Debug|x86
		{F885ECE6-D0EC-43A4-AC3E-E645E1C8DD8E}.Debug|x86.Deploy.0 = Debug|x86
		{F885ECE6-D0EC-43A4-AC3E-E645E1C8DD8E}.Release|ARM.ActiveCfg = Release|ARM
		{F885ECE6-D0EC-43A4-AC3E-E645E1C8DD8E}.Release|ARM.Build.0 = Release|ARM
		{F885ECE6-D0EC-43A4-AC3E-E645E1C8DD8E}.Release|ARM.Deploy.0 = Release|ARM
		{F885ECE6-D0EC-43A4-AC3E-E645E1C8DD8E}.Release|ARM64.ActiveCfg = Release|ARM64
		{F885ECE6-D0EC-43A4-AC3E-E645E1C8DD8E}.Release|ARM64.Build.0 = Release|ARM64
		{F885ECE6-D0EC-43A4-AC3E-E645E1C8DD8E}.Release|ARM64.Deploy.0 = Release|ARM64
		{F885ECE6-D0EC-43A4-AC3E-E645E1C8DD8E}.Release|x64.ActiveCfg = Release|x64
		{F885ECE6-D0EC-43A4-AC3E-E645E1C8DD8E}.Release|x64.Build.0 = Release|x64
		{F885ECE6-D0EC-43A4-AC3E-E645E1C8DD8E}.Release|x64.Deploy.0 = Release|x64
		{F885ECE6-D0EC-43A4-AC3E-E645E1C8DD8E}.Release|x86.ActiveCfg = Release|x86
		{F885ECE6-D0EC-43A4-AC3E-E645E1C8DD8E}.Release|x86.Build.0 = Release|x86
		{F885ECE6-D0EC-43A4-AC3E-E645E1C8DD8E}.Release|x86.Deploy.0 = Release|x86
		{FEB0D24B-DFDE-4E2B-AEA1-36D11447BE0A}.Debug|ARM.ActiveCfg = Debug|ARM
		{FEB0D24B-DFDE-4E2B-AEA1-36D11447BE0A}.Debug|ARM.Build.0 = Debug|ARM
		{FEB0D24B-DFDE-4E2B-AEA1-36D11447BE0A}.Debug|ARM.Deploy.0 = Debug|ARM
		{FEB0D24B-DFDE-4E2B-AEA1-36D11447BE0A}.Debug|ARM64.ActiveCfg = Debug|ARM64
		{FEB0D24B-DFDE-4E2B-AEA1-36D11447BE0A}.Debug|ARM64.Build.0 = Debug|ARM64
		{FEB0D24B-DFDE-4E2B-AEA1-36D11447BE0A}.Debug|ARM64.Deploy.0 = Debug|ARM64
		{FEB0D24B-DFDE-4E2B-AEA1-36D11447BE0A}.Debug|x64.ActiveCfg = Debug|x64
		{FEB0D24B-DFDE-4E2B-AEA1-36D11447BE0A}.Debug|x64.Build.0 = Debug|x64
		{FEB0D24B-DFDE-4E2B-AEA1-36D11447BE0A}.Debug|x64.Deploy.0 = Debug|x64
		{FEB0D24B-DFDE-4E2B-AEA1-36D11447BE0A}.Debug|x86.ActiveCfg = Debug|x86
		{FEB0D24B-DFDE-4E2B-AEA1-36D11447BE0A}.Debug|x86.Build.0 = Debug|x86
		{FEB0D24B-DFDE-4E2B-AEA1-36D11447BE0A}.Debug|x86.Deploy.0 = Debug|x86
		{FEB0D24B-DFDE-4E2B-AEA1-36D11447BE0A}.Release|ARM.ActiveCfg = Release|ARM
		{FEB0D24B-DFDE-4E2B-AEA1-36D11447BE0A}.Release|ARM.Build.0 = Release|ARM
		{FEB0D24B-DFDE-4E2B-AEA1-36D11447BE0A}.Release|ARM.Deploy.0 = Release|ARM
		{FEB0D24B-DFDE-4E2B-AEA1-36D11447BE0A}.Release|ARM64.ActiveCfg = Release|ARM64
		{FEB0D24B-DFDE-4E2B-AEA1-36D11447BE0A}.Release|ARM64.Build.0 = Release|ARM64
		{FEB0D24B-DFDE-4E2B-AEA1-36D11447BE0A}.Release|ARM64.Deploy.0 = Release|ARM64
		{FEB0D24B-DFDE-4E2B-AEA1-36D11447BE0A}.Release|x64.ActiveCfg = Release|x64
		{FEB0D24B-DFDE-4E2B-AEA1-36D11447BE0A}.Release|x64.Build.0 = Release|x64
		{FEB0D24B-DFDE-4E2B-AEA1-36D11447BE0A}.Release|x64.Deploy.0 = Release|x64
		{FEB0D24B-DFDE-4E2B-AEA1-36D11447BE0A}.Release|x86.ActiveCfg = Release|x86
		{FEB0D24B-DFDE-4E2B-AEA1-36D11447BE0A}.Release|x86.Build.0 = Release|x86
		{FEB0D24B-DFDE-4E2B-AEA1-36D11447BE0A}.Release|x86.Deploy.0 = Release|x86
	EndGlobalSection
	GlobalSection(SolutionProperties) = preSolution
		HideSolutionNode = FALSE
	EndGlobalSection
	GlobalSection(NestedProjects) = preSolution
		{31CEB166-1B41-463B-BF96-DF2232AD4214} = {AD36CA32-FCF1-43D8-9F3C-01CE5A14CDE4}
		{BD97270B-D692-4D27-BBF2-2A0861BE8532} = {AD36CA32-FCF1-43D8-9F3C-01CE5A14CDE4}
		{231F74D8-9B0F-4B04-AD20-0509953AD09B} = {AD36CA32-FCF1-43D8-9F3C-01CE5A14CDE4}
		{E04038FD-54D6-451D-AA3A-442387B10D1F} = {AD36CA32-FCF1-43D8-9F3C-01CE5A14CDE4}
		{5B63EFDA-C86B-4DF9-AB2B-B34B5FDEB4EE} = {AD36CA32-FCF1-43D8-9F3C-01CE5A14CDE4}
		{8647C375-FE89-482F-B13A-1C69176FBE05} = {AD36CA32-FCF1-43D8-9F3C-01CE5A14CDE4}
		{F885ECE6-D0EC-43A4-AC3E-E645E1C8DD8E} = {AD36CA32-FCF1-43D8-9F3C-01CE5A14CDE4}
		{FEB0D24B-DFDE-4E2B-AEA1-36D11447BE0A} = {AD36CA32-FCF1-43D8-9F3C-01CE5A14CDE4}
	EndGlobalSection
	GlobalSection(ExtensibilityGlobals) = postSolution
		SolutionGuid = {5139E477-EDF5-49E6-A0B6-125FDE35B1E0}
	EndGlobalSection
EndGlobal
